Microsoft Visual Studio Solution File, Format Version 12.00
# Visual Studio 15
VisualStudioVersion = 15.0.27004.2002
MinimumVisualStudioVersion = 10.0.40219.1
Project("{FAE04EC0-301F-11D3-BF4B-00C04F79EFBC}") = "DeviceVolumeMonitor", "DeviceVolumeMonitor.csproj", "{929CEC91-4239-4262-A1DC-87450AED0A5C}"
EndProject
Global
	GlobalSection(SolutionConfigurationPlatforms) = preSolution
		Debug|Any CPU = Debug|Any CPU
		Release|Any CPU = Release|Any CPU
	EndGlobalSection
	GlobalSection(ProjectConfigurationPlatforms) = postSolution
		{929CEC91-4239-4262-A1DC-87450AED0A5C}.Debug|Any CPU.ActiveCfg = Debug|Any CPU
		{929CEC91-4239-4262-A1DC-87450AED0A5C}.Debug|Any CPU.Build.0 = Debug|Any CPU
		{929CEC91-4239-4262-A1DC-87450AED0A5C}.Release|Any CPU.ActiveCfg = Release|Any CPU
		{929CEC91-4239-4262-A1DC-87450AED0A5C}.Release|Any CPU.Build.0 = Release|Any CPU
	EndGlobalSection
	GlobalSection(SolutionProperties) = preSolution
		HideSolutionNode = FALSE
	EndGlobalSection
	GlobalSection(ExtensibilityGlobals) = postSolution
		SolutionGuid = {C73B117F-8188-4566-9B41-18F1D9B0E884}
	EndGlobalSection
EndGlobal
